{
    "_meta": {
        "hash": {
            "sha256": "4a8db7492fa4042297b1a11630b1d266478f3fd3c9dc6278fa0a04cdeab7af27"
        },
        "pipfile-spec": 6,
        "requires": {
            "python_version": "3.*"
        },
        "sources": [
            {
                "name": "pypi",
                "url": "https://pypi.python.org/simple",
                "verify_ssl": true
            }
        ]
    },
    "default": {
        "certifi": {
            "hashes": [
                "sha256:5930595817496dd21bb8dc35dad090f1c2cd0adfaf21204bf6732ca5d8ee34d3",
                "sha256:8fc0819f1f30ba15bdb34cceffb9ef04d99f420f68eb75d901e9560b8749fc41"
            ],
            "version": "==2020.6.20"
        },
        "chardet": {
            "hashes": [
                "sha256:84ab92ed1c4d4f16916e05906b6b75a6c0fb5db821cc65e70cbd64a3e2a5eaae",
                "sha256:fc323ffcaeaed0e0a02bf4d117757b98aed530d9ed4531e3e15460124c106691"
            ],
            "version": "==3.0.4"
        },
        "click": {
            "hashes": [
                "sha256:d2b5255c7c6349bc1bd1e59e08cd12acbbd63ce649f2588755783aa94dfb6b1a",
                "sha256:dacca89f4bfadd5de3d7489b7c8a566eee0d3676333fbb50030263894c38c0dc"
            ],
            "version": "==7.1.2"
        },
        "datetime": {
            "hashes": [
                "sha256:371dba07417b929a4fa685c2f7a3eaa6a62d60c02947831f97d4df9a9e70dfd0",
                "sha256:5cef605bab8259ff61281762cdf3290e459fbf0b4719951d5fab967d5f2ea0ea"
            ],
            "index": "pypi",
            "version": "==4.3"
        },
        "decorator": {
            "hashes": [
                "sha256:41fa54c2a0cc4ba648be4fd43cff00aedf5b9465c9bf18d64325bc225f08f760",
                "sha256:e3a62f0520172440ca0dcc823749319382e377f37f140a0b99ef45fecb84bfe7"
            ],
            "version": "==4.4.2"
        },
        "django": {
            "hashes": [
                "sha256:84f370f6acedbe1f3c41e1a02de44ac206efda3355e427139ecb785b5f596d80",
                "sha256:e8fe3c2b2212dce6126becab7a693157f1a441a07b62ec994c046c76af5bb66d"
            ],
            "index": "pypi",
            "version": "==2.2.13"
        },
        "future": {
            "hashes": [
                "sha256:b1bead90b70cf6ec3f0710ae53a525360fa360d306a86583adc6bf83a4db537d"
            ],
            "version": "==0.18.2"
        },
        "geocoder": {
            "hashes": [
                "sha256:a733e1dfbce3f4e1a526cac03aadcedb8ed1239cf55bd7f3a23c60075121a834",
                "sha256:c9925374c961577d0aee403b09e6f8ea1971d913f011f00ca70c76beaf7a77e7"
            ],
            "index": "pypi",
            "version": "==1.38.1"
        },
        "geographiclib": {
            "hashes": [
                "sha256:12bd46ee7ec25b291ea139b17aa991e7ef373e21abd053949b75c0e9ca55c632",
                "sha256:51cfa698e7183792bce27d8fb63ac8e83689cd8170a730bf35e1a5c5bf8849b9"
            ],
            "version": "==1.50"
        },
        "geopy": {
            "hashes": [
                "sha256:6239cbf4d8e8a10460c10cf2ae1949c9e9d011e9f25c4e49202734455cc5e884",
                "sha256:9419bc90ee6231590c4ae7acf1cf126cefbd0736942da7a6a1436946e80830e2"
            ],
            "index": "pypi",
            "version": "==1.20.0"
        },
        "idna": {
            "hashes": [
                "sha256:b307872f855b18632ce0c21c5e45be78c0ea7ae4c15c828c20788b26921eb3f6",
                "sha256:b97d804b1e9b523befed77c48dacec60e6dcb0b5391d57af6a65a312a90648c0"
            ],
            "version": "==2.10"
        },
        "numpy": {
            "hashes": [
                "sha256:03e311b0a4c9f5755da7d52161280c6a78406c7be5c5cc7facfbcebb641efb7e",
                "sha256:0cdd229a53d2720d21175012ab0599665f8c9588b3b8ffa6095dd7b90f0691dd",
                "sha256:312bb18e95218bedc3563f26fcc9c1c6bfaaf9d453d15942c0839acdd7e4c473",
                "sha256:464b1c48baf49e8505b1bb754c47a013d2c305c5b14269b5c85ea0625b6a988a",
                "sha256:5adfde7bd3ee4864536e230bcab1c673f866736698724d5d28c11a4d63672658",
                "sha256:7724e9e31ee72389d522b88c0d4201f24edc34277999701ccd4a5392e7d8af61",
                "sha256:8d36f7c53ae741e23f54793ffefb2912340b800476eb0a831c6eb602e204c5c4",
                "sha256:910d2272403c2ea8a52d9159827dc9f7c27fb4b263749dca884e2e4a8af3b302",
                "sha256:951fefe2fb73f84c620bec4e001e80a80ddaa1b84dce244ded7f1e0cbe0ed34a",
                "sha256:9588c6b4157f493edeb9378788dcd02cb9e6a6aeaa518b511a1c79d06cbd8094",
                "sha256:9ce8300950f2f1d29d0e49c28ebfff0d2f1e2a7444830fbb0b913c7c08f31511",
                "sha256:be39cca66cc6806652da97103605c7b65ee4442c638f04ff064a7efd9a81d50a",
                "sha256:c3ab2d835b95ccb59d11dfcd56eb0480daea57cdf95d686d22eff35584bc4554",
                "sha256:eb0fc4a492cb896346c9e2c7a22eae3e766d407df3eb20f4ce027f23f76e4c54",
                "sha256:ec0c56eae6cee6299f41e780a0280318a93db519bbb2906103c43f3e2be1206c",
                "sha256:f4e4612de60a4f1c4d06c8c2857cdcb2b8b5289189a12053f37d3f41f06c60d0"
            ],
            "index": "pypi",
            "version": "==1.17.0"
        },
        "pandas": {
            "hashes": [
                "sha256:074a032f99bb55d178b93bd98999c971542f19317829af08c99504febd9e9b8b",
                "sha256:20f1728182b49575c2f6f681b3e2af5fac9e84abdf29488e76d569a7969b362e",
                "sha256:2745ba6e16c34d13d765c3657bb64fa20a0e2daf503e6216a36ed61770066179",
                "sha256:32c44e5b628c48ba17703f734d59f369d4cdcb4239ef26047d6c8a8bfda29a6b",
                "sha256:3b9f7dcee6744d9dcdd53bce19b91d20b4311bf904303fa00ef58e7df398e901",
                "sha256:544f2033250980fb6f069ce4a960e5f64d99b8165d01dc39afd0b244eeeef7d7",
                "sha256:58f9ef68975b9f00ba96755d5702afdf039dea9acef6a0cfd8ddcde32918a79c",
                "sha256:9023972a92073a495eba1380824b197ad1737550fe1c4ef8322e65fe58662888",
                "sha256:914341ad2d5b1ea522798efa4016430b66107d05781dbfe7cf05eba8f37df995",
                "sha256:9d151bfb0e751e2c987f931c57792871c8d7ff292bcdfcaa7233012c367940ee",
                "sha256:b932b127da810fef57d427260dde1ad54542c136c44b227a1e367551bb1a684b",
                "sha256:cfb862aa37f4dd5be0730731fdb8185ac935aba8b51bf3bd035658111c9ee1c9",
                "sha256:de7ecb4b120e98b91e8a2a21f186571266a8d1faa31d92421e979c7ca67d8e5c",
                "sha256:df7e1933a0b83920769611c5d6b9a1bf301e3fa6a544641c6678c67621fe9843"
            ],
            "index": "pypi",
            "version": "==0.25.0"
        },
        "psycopg2": {
            "hashes": [
                "sha256:128d0fa910ada0157bba1cb74a9c5f92bb8a1dca77cf91a31eb274d1f889e001",
                "sha256:227fd46cf9b7255f07687e5bde454d7d67ae39ca77e170097cdef8ebfc30c323",
                "sha256:2315e7f104681d498ccf6fd70b0dba5bce65d60ac92171492bfe228e21dcc242",
                "sha256:4b5417dcd2999db0f5a891d54717cfaee33acc64f4772c4bc574d4ff95ed9d80",
                "sha256:640113ddc943522aaf71294e3f2d24013b0edd659b7820621492c9ebd3a2fb0b",
                "sha256:897a6e838319b4bf648a574afb6cabcb17d0488f8c7195100d48d872419f4457",
                "sha256:8dceca81409898c870e011c71179454962dec152a1a6b86a347f4be74b16d864",
                "sha256:b1b8e41da09a0c3ef0b3d4bb72da0dde2abebe583c1e8462973233fd5ad0235f",
                "sha256:cb407fccc12fc29dc331f2b934913405fa49b9b75af4f3a72d0f50f57ad2ca23",
                "sha256:d3a27550a8185e53b244ad7e79e307594b92fede8617d80200a8cce1fba2c60f",
                "sha256:f0e6b697a975d9d3ccd04135316c947dd82d841067c7800ccf622a8717e98df1"
            ],
            "index": "pypi",
            "version": "==2.8.3"
        },
        "python-dateutil": {
            "hashes": [
                "sha256:73ebfe9dbf22e832286dafa60473e4cd239f8592f699aa5adaf10050e6e1823c",
                "sha256:75bb3f31ea686f1197762692a9ee6a7550b59fc6ca3a1f4b5d7e32fb98e2da2a"
            ],
            "version": "==2.8.1"
        },
        "pytz": {
            "hashes": [
                "sha256:a494d53b6d39c3c6e44c3bec237336e14305e4f29bbf800b599253057fbb79ed",
                "sha256:c35965d010ce31b23eeb663ed3cc8c906275d6be1a34393a1d73a41febf4a048"
            ],
            "version": "==2020.1"
        },
        "ratelim": {
            "hashes": [
                "sha256:826d32177e11f9a12831901c9fda6679fd5bbea3605910820167088f5acbb11d",
                "sha256:e1a7dd39e6b552b7cc7f52169cd66cdb826a1a30198e355d7016012987c9ad08"
            ],
            "version": "==0.1.6"
        },
        "requests": {
            "hashes": [
                "sha256:b3559a131db72c33ee969480840fff4bb6dd111de7dd27c8ee1f820f4f00231b",
                "sha256:fe75cc94a9443b9246fc7049224f75604b113c36acb93f87b80ed42c44cbb898"
            ],
            "version": "==2.24.0"
        },
        "six": {
            "hashes": [
                "sha256:30639c035cdb23534cd4aa2dd52c3bf48f06e5f4a941509c8bafd8ce11080259",
                "sha256:8b74bedcbbbaca38ff6d7491d76f2b06b3592611af620f8426e82dddb04a5ced"
            ],
            "version": "==1.15.0"
        },
        "sqlparse": {
            "hashes": [
                "sha256:022fb9c87b524d1f7862b3037e541f68597a730a8843245c349fc93e1643dc4e",
                "sha256:e162203737712307dfe78860cc56c8da8a852ab2ee33750e33aeadf38d12c548"
            ],
            "version": "==0.3.1"
        },
        "urllib3": {
            "hashes": [
                "sha256:3018294ebefce6572a474f0604c2021e33b3fd8006ecd11d62107a5d2a963527",
                "sha256:88206b0eb87e6d677d424843ac5209e3fb9d0190d0ee169599165ec25e9d9115"
            ],
            "version": "==1.25.9"
        },
        "zope.interface": {
            "hashes": [
                "sha256:0103cba5ed09f27d2e3de7e48bb320338592e2fabc5ce1432cf33808eb2dfd8b",
                "sha256:14415d6979356629f1c386c8c4249b4d0082f2ea7f75871ebad2e29584bd16c5",
                "sha256:1ae4693ccee94c6e0c88a4568fb3b34af8871c60f5ba30cf9f94977ed0e53ddd",
                "sha256:1b87ed2dc05cb835138f6a6e3595593fea3564d712cb2eb2de963a41fd35758c",
                "sha256:269b27f60bcf45438e8683269f8ecd1235fa13e5411de93dae3b9ee4fe7f7bc7",
                "sha256:27d287e61639d692563d9dab76bafe071fbeb26818dd6a32a0022f3f7ca884b5",
                "sha256:39106649c3082972106f930766ae23d1464a73b7d30b3698c986f74bf1256a34",
                "sha256:40e4c42bd27ed3c11b2c983fecfb03356fae1209de10686d03c02c8696a1d90e",
                "sha256:461d4339b3b8f3335d7e2c90ce335eb275488c587b61aca4b305196dde2ff086",
                "sha256:4f98f70328bc788c86a6a1a8a14b0ea979f81ae6015dd6c72978f1feff70ecda",
                "sha256:558a20a0845d1a5dc6ff87cd0f63d7dac982d7c3be05d2ffb6322a87c17fa286",
                "sha256:562dccd37acec149458c1791da459f130c6cf8902c94c93b8d47c6337b9fb826",
                "sha256:5e86c66a6dea8ab6152e83b0facc856dc4d435fe0f872f01d66ce0a2131b7f1d",
                "sha256:60a207efcd8c11d6bbeb7862e33418fba4e4ad79846d88d160d7231fcb42a5ee",
                "sha256:645a7092b77fdbc3f68d3cc98f9d3e71510e419f54019d6e282328c0dd140dcd",
                "sha256:6874367586c020705a44eecdad5d6b587c64b892e34305bb6ed87c9bbe22a5e9",
                "sha256:74bf0a4f9091131de09286f9a605db449840e313753949fe07c8d0fe7659ad1e",
                "sha256:7b726194f938791a6691c7592c8b9e805fc6d1b9632a833b9c0640828cd49cbc",
                "sha256:8149ded7f90154fdc1a40e0c8975df58041a6f693b8f7edcd9348484e9dc17fe",
                "sha256:8cccf7057c7d19064a9e27660f5aec4e5c4001ffcf653a47531bde19b5aa2a8a",
                "sha256:911714b08b63d155f9c948da2b5534b223a1a4fc50bb67139ab68b277c938578",
                "sha256:a5f8f85986197d1dd6444763c4a15c991bfed86d835a1f6f7d476f7198d5f56a",
                "sha256:a744132d0abaa854d1aad50ba9bc64e79c6f835b3e92521db4235a1991176813",
                "sha256:af2c14efc0bb0e91af63d00080ccc067866fb8cbbaca2b0438ab4105f5e0f08d",
                "sha256:b054eb0a8aa712c8e9030065a59b5e6a5cf0746ecdb5f087cca5ec7685690c19",
                "sha256:b0becb75418f8a130e9d465e718316cd17c7a8acce6fe8fe07adc72762bee425",
                "sha256:b1d2ed1cbda2ae107283befd9284e650d840f8f7568cb9060b5466d25dc48975",
                "sha256:ba4261c8ad00b49d48bbb3b5af388bb7576edfc0ca50a49c11dcb77caa1d897e",
                "sha256:d1fe9d7d09bb07228650903d6a9dc48ea649e3b8c69b1d263419cc722b3938e8",
                "sha256:d7804f6a71fc2dda888ef2de266727ec2f3915373d5a785ed4ddc603bbc91e08",
                "sha256:da2844fba024dd58eaa712561da47dcd1e7ad544a257482392472eae1c86d5e5",
                "sha256:dcefc97d1daf8d55199420e9162ab584ed0893a109f45e438b9794ced44c9fd0",
                "sha256:dd98c436a1fc56f48c70882cc243df89ad036210d871c7427dc164b31500dc11",
                "sha256:e74671e43ed4569fbd7989e5eecc7d06dc134b571872ab1d5a88f4a123814e9f",
                "sha256:eb9b92f456ff3ec746cd4935b73c1117538d6124b8617bc0fe6fda0b3816e345",
                "sha256:ebb4e637a1fb861c34e48a00d03cffa9234f42bef923aec44e5625ffb9a8e8f9",
                "sha256:ef739fe89e7f43fb6494a43b1878a36273e5924869ba1d866f752c5812ae8d58",
                "sha256:f40db0e02a8157d2b90857c24d89b6310f9b6c3642369852cdc3b5ac49b92afc",
                "sha256:f68bf937f113b88c866d090fea0bc52a098695173fc613b055a17ff0cf9683b6",
                "sha256:fb55c182a3f7b84c1a2d6de5fa7b1a05d4660d866b91dbf8d74549c57a1499e8"
            ],
            "version": "==5.1.0"
        }
    },
    "develop": {}
}
